Microsoft Visual Studio Solution File, Format Version 12.00
# Visual Studio 15
VisualStudioVersion = 15.0.27130.2027
MinimumVisualStudioVersion = 10.0.40219.1
Project("{FAE04EC0-301F-11D3-BF4B-00C04F79EFBC}") = "K_Relay", "K_Relay\K_Relay.csproj", "{BAE9E532-8ADB-4AEE-BCB9-DF928AEA0970}"
EndProject
Project("{FAE04EC0-301F-11D3-BF4B-00C04F79EFBC}") = "Lib_K_Relay", "Lib_K_Relay\Lib_K_Relay.csproj", "{B1B5F3C3-C4FF-4C6E-8879-D2E4E99BEEF9}"
EndProject
Project("{2150E333-8FDC-42A3-9474-1A3956D46DE8}") = "Plugins", "Plugins", "{03A97CEB-D1F4-4BD0-A708-8151EF71A8D7}"
EndProject
Project("{2150E333-8FDC-42A3-9474-1A3956D46DE8}") = "Solution Items", "Solution Items", "{3EC59072-9E17-43E6-AD05-E39CF363199E}"
	ProjectSection(SolutionItems) = preProject
		.gitignore = .gitignore
		README.md = README.md
		Screenshot.png = Screenshot.png
	EndProjectSection
EndProject
Project("{FAE04EC0-301F-11D3-BF4B-00C04F79EFBC}") = "HumanAutoAim", "SmoothAutoAim\HumanAutoAim.csproj", "{F8F62B27-7EE5-41A7-8EFE-A63E795CC1D2}"
EndProject
Global
	GlobalSection(SolutionConfigurationPlatforms) = preSolution
		Debug|Any CPU = Debug|Any CPU
		Release|Any CPU = Release|Any CPU
	EndGlobalSection
	GlobalSection(ProjectConfigurationPlatforms) = postSolution
		{BAE9E532-8ADB-4AEE-BCB9-DF928AEA0970}.Debug|Any CPU.ActiveCfg = Debug|Any CPU
		{BAE9E532-8ADB-4AEE-BCB9-DF928AEA0970}.Debug|Any CPU.Build.0 = Debug|Any CPU
		{BAE9E532-8ADB-4AEE-BCB9-DF928AEA0970}.Release|Any CPU.ActiveCfg = Release|Any CPU
		{BAE9E532-8ADB-4AEE-BCB9-DF928AEA0970}.Release|Any CPU.Build.0 = Release|Any CPU
		{B1B5F3C3-C4FF-4C6E-8879-D2E4E99BEEF9}.Debug|Any CPU.ActiveCfg = Debug|Any CPU
		{B1B5F3C3-C4FF-4C6E-8879-D2E4E99BEEF9}.Debug|Any CPU.Build.0 = Debug|Any CPU
		{B1B5F3C3-C4FF-4C6E-8879-D2E4E99BEEF9}.Release|Any CPU.ActiveCfg = Release|Any CPU
		{B1B5F3C3-C4FF-4C6E-8879-D2E4E99BEEF9}.Release|Any CPU.Build.0 = Release|Any CPU
		{F8F62B27-7EE5-41A7-8EFE-A63E795CC1D2}.Debug|Any CPU.ActiveCfg = Debug|Any CPU
		{F8F62B27-7EE5-41A7-8EFE-A63E795CC1D2}.Debug|Any CPU.Build.0 = Debug|Any CPU
		{F8F62B27-7EE5-41A7-8EFE-A63E795CC1D2}.Release|Any CPU.ActiveCfg = Release|Any CPU
		{F8F62B27-7EE5-41A7-8EFE-A63E795CC1D2}.Release|Any CPU.Build.0 = Release|Any CPU
	EndGlobalSection
	GlobalSection(SolutionProperties) = preSolution
		HideSolutionNode = FALSE
	EndGlobalSection
	GlobalSection(NestedProjects) = preSolution
		{F8F62B27-7EE5-41A7-8EFE-A63E795CC1D2} = {03A97CEB-D1F4-4BD0-A708-8151EF71A8D7}
	EndGlobalSection
	GlobalSection(ExtensibilityGlobals) = postSolution
		SolutionGuid = {E9A231FB-1F32-4700-8F9D-1D1DFACA0CE9}
	EndGlobalSection
EndGlobal
